[[package]]
name = "bitflags"
version = "1.0.3"
source = "registry+https://github.com/rust-lang/crates.io-index"

[[package]]
name = "cc"
version = "1.0.15"
source = "registry+https://github.com/rust-lang/crates.io-index"

[[package]]
name = "fnv"
version = "1.0.6"
source = "registry+https://github.com/rust-lang/crates.io-index"

[[package]]
name = "pdgnc"
version = "0.0.0"
dependencies = [
 "web-view 0.2.0 (registry+https://github.com/rust-lang/crates.io-index)",
]

[[package]]
name = "pkg-config"
version = "0.3.11"
source = "registry+https://github.com/rust-lang/crates.io-index"

[[package]]
name = "urlencoding"
version = "1.0.0"
source = "registry+https://github.com/rust-lang/crates.io-index"

[[package]]
name = "web-view"
version = "0.2.0"
source = "registry+https://github.com/rust-lang/crates.io-index"
dependencies = [
 "fnv 1.0.6 (registry+https://github.com/rust-lang/crates.io-index)",
 "urlencoding 1.0.0 (registry+https://github.com/rust-lang/crates.io-index)",
 "webview-sys 0.1.0 (registry+https://github.com/rust-lang/crates.io-index)",
]

[[package]]
name = "webview-sys"
version = "0.1.0"
source = "registry+https://github.com/rust-lang/crates.io-index"
dependencies = [
 "bitflags 1.0.3 (registry+https://github.com/rust-lang/crates.io-index)",
 "cc 1.0.15 (registry+https://github.com/rust-lang/crates.io-index)",
 "pkg-config 0.3.11 (registry+https://github.com/rust-lang/crates.io-index)",
]

[metadata]
"checksum bitflags 1.0.3 (registry+https://github.com/rust-lang/crates.io-index)" = "d0c54bb8f454c567f21197eefcdbf5679d0bd99f2ddbe52e84c77061952e6789"
"checksum cc 1.0.15 (registry+https://github.com/rust-lang/crates.io-index)" = "0ebb87d1116151416c0cf66a0e3fb6430cccd120fd6300794b4dfaa050ac40ba"
"checksum fnv 1.0.6 (registry+https://github.com/rust-lang/crates.io-index)" = "2fad85553e09a6f881f739c29f0b00b0f01357c743266d478b68951ce23285f3"
"checksum pkg-config 0.3.11 (registry+https://github.com/rust-lang/crates.io-index)" = "110d5ee3593dbb73f56294327fe5668bcc997897097cbc76b51e7aed3f52452f"
"checksum urlencoding 1.0.0 (registry+https://github.com/rust-lang/crates.io-index)" = "3df3561629a8bb4c57e5a2e4c43348d9e29c7c29d9b1c4c1f47166deca8f37ed"
"checksum web-view 0.2.0 (registry+https://github.com/rust-lang/crates.io-index)" = "1f847c245e7286ee6da7d652ddb828c70be142a6dfe9c0057b48a855c0ec2886"
"checksum webview-sys 0.1.0 (registry+https://github.com/rust-lang/crates.io-index)" = "cf132b1194e12c43eb22cb73a93d7a258d2c0bf73e638e2f0de21f5016a783e4"
